
Microsoft Visual Studio Solution File, Format Version 12.00
# Visual Studio Version 17
VisualStudioVersion = 17.9.34902.65
MinimumVisualStudioVersion = 10.0.40219.1
Project("{FAE04EC0-301F-11D3-BF4B-00C04F79EFBC}") = "WeatherApiReceiver", "WeatherApiReceiver\WeatherApiReceiver.csproj", "{249E6778-F5E0-40C4-854F-02CB6E80B442}"
EndProject
Project("{FAE04EC0-301F-11D3-BF4B-00C04F79EFBC}") = "Networking", "Networking\Networking.csproj", "{EB7660D1-4721-4BEC-873B-D68F071B5967}"
EndProject
Project("{FAE04EC0-301F-11D3-BF4B-00C04F79EFBC}") = "ForeCast.Ui", "ForeCast.Ui\ForeCast.Ui.csproj", "{AB082C00-0E5D-41F8-A644-ECAB7EC540B0}"
EndProject
Global
	GlobalSection(SolutionConfigurationPlatforms) = preSolution
		Debug|Any CPU = Debug|Any CPU
		Release|Any CPU = Release|Any CPU
	EndGlobalSection
	GlobalSection(ProjectConfigurationPlatforms) = postSolution
		{249E6778-F5E0-40C4-854F-02CB6E80B442}.Debug|Any CPU.ActiveCfg = Debug|Any CPU
		{249E6778-F5E0-40C4-854F-02CB6E80B442}.Debug|Any CPU.Build.0 = Debug|Any CPU
		{249E6778-F5E0-40C4-854F-02CB6E80B442}.Release|Any CPU.ActiveCfg = Release|Any CPU
		{249E6778-F5E0-40C4-854F-02CB6E80B442}.Release|Any CPU.Build.0 = Release|Any CPU
		{EB7660D1-4721-4BEC-873B-D68F071B5967}.Debug|Any CPU.ActiveCfg = Debug|Any CPU
		{EB7660D1-4721-4BEC-873B-D68F071B5967}.Debug|Any CPU.Build.0 = Debug|Any CPU
		{EB7660D1-4721-4BEC-873B-D68F071B5967}.Release|Any CPU.ActiveCfg = Release|Any CPU
		{EB7660D1-4721-4BEC-873B-D68F071B5967}.Release|Any CPU.Build.0 = Release|Any CPU
		{AB082C00-0E5D-41F8-A644-ECAB7EC540B0}.Debug|Any CPU.ActiveCfg = Debug|Any CPU
		{AB082C00-0E5D-41F8-A644-ECAB7EC540B0}.Debug|Any CPU.Build.0 = Debug|Any CPU
		{AB082C00-0E5D-41F8-A644-ECAB7EC540B0}.Release|Any CPU.ActiveCfg = Release|Any CPU
		{AB082C00-0E5D-41F8-A644-ECAB7EC540B0}.Release|Any CPU.Build.0 = Release|Any CPU
	EndGlobalSection
	GlobalSection(SolutionProperties) = preSolution
		HideSolutionNode = FALSE
	EndGlobalSection
	GlobalSection(ExtensibilityGlobals) = postSolution
		SolutionGuid = {CE4A825C-C8C4-4DFB-9AF2-5CAEE303C730}
	EndGlobalSection
EndGlobal
